
Microsoft Visual Studio Solution File, Format Version 12.00
# Visual Studio Version 17
VisualStudioVersion = 17.5.33424.131
MinimumVisualStudioVersion = 10.0.40219.1
Project("{9A19103F-16F7-4668-BE54-9A1E7A4F7556}") = "Moogle_API", "Moogle_API\Moogle_API.csproj", "{319576DC-CEF1-472E-B846-4F4ED2D8AE16}"
EndProject
Project("{9A19103F-16F7-4668-BE54-9A1E7A4F7556}") = "Moogle_Repo", "Moogle_Repo\Moogle_Repo.csproj", "{7C0E4B4C-97E0-45AD-A400-8D8E7BBE897A}"
EndProject
Project("{9A19103F-16F7-4668-BE54-9A1E7A4F7556}") = "Moogle_Domain", "Moogle_Domain\Moogle_Domain.csproj", "{93F79A6C-1529-4867-BE79-C79C7BF4C6F2}"
EndProject
Project("{9A19103F-16F7-4668-BE54-9A1E7A4F7556}") = "Moogle_MVC", "Moogle_MVC\Moogle_MVC.csproj", "{419C7697-EAF2-4ED9-A5B5-CD37045A30C8}"
EndProject
Project("{9A19103F-16F7-4668-BE54-9A1E7A4F7556}") = "Moogle_Console", "Moogle_Console\Moogle_Console.csproj", "{DACB19D8-E97C-4586-B209-138FA469D5DB}"
EndProject
Project("{9A19103F-16F7-4668-BE54-9A1E7A4F7556}") = "Moogle_Models", "Moogle_Models\Moogle_Models.csproj", "{32D29D31-8009-4262-8991-6A82C8E6B225}"
EndProject
Project("{FAE04EC0-301F-11D3-BF4B-00C04F79EFBC}") = "Moogle_Flixter_Domain", "Moogle_Flixter_Domain\Moogle_Flixter_Domain.csproj", "{02D69F67-E108-476E-B4E3-93DADC6562D2}"
EndProject
Global
	GlobalSection(SolutionConfigurationPlatforms) = preSolution
		Debug|Any CPU = Debug|Any CPU
		Release|Any CPU = Release|Any CPU
	EndGlobalSection
	GlobalSection(ProjectConfigurationPlatforms) = postSolution
		{319576DC-CEF1-472E-B846-4F4ED2D8AE16}.Debug|Any CPU.ActiveCfg = Debug|Any CPU
		{319576DC-CEF1-472E-B846-4F4ED2D8AE16}.Debug|Any CPU.Build.0 = Debug|Any CPU
		{319576DC-CEF1-472E-B846-4F4ED2D8AE16}.Release|Any CPU.ActiveCfg = Release|Any CPU
		{319576DC-CEF1-472E-B846-4F4ED2D8AE16}.Release|Any CPU.Build.0 = Release|Any CPU
		{7C0E4B4C-97E0-45AD-A400-8D8E7BBE897A}.Debug|Any CPU.ActiveCfg = Debug|Any CPU
		{7C0E4B4C-97E0-45AD-A400-8D8E7BBE897A}.Debug|Any CPU.Build.0 = Debug|Any CPU
		{7C0E4B4C-97E0-45AD-A400-8D8E7BBE897A}.Release|Any CPU.ActiveCfg = Release|Any CPU
		{7C0E4B4C-97E0-45AD-A400-8D8E7BBE897A}.Release|Any CPU.Build.0 = Release|Any CPU
		{93F79A6C-1529-4867-BE79-C79C7BF4C6F2}.Debug|Any CPU.ActiveCfg = Debug|Any CPU
		{93F79A6C-1529-4867-BE79-C79C7BF4C6F2}.Debug|Any CPU.Build.0 = Debug|Any CPU
		{93F79A6C-1529-4867-BE79-C79C7BF4C6F2}.Release|Any CPU.ActiveCfg = Release|Any CPU
		{93F79A6C-1529-4867-BE79-C79C7BF4C6F2}.Release|Any CPU.Build.0 = Release|Any CPU
		{419C7697-EAF2-4ED9-A5B5-CD37045A30C8}.Debug|Any CPU.ActiveCfg = Debug|Any CPU
		{419C7697-EAF2-4ED9-A5B5-CD37045A30C8}.Debug|Any CPU.Build.0 = Debug|Any CPU
		{419C7697-EAF2-4ED9-A5B5-CD37045A30C8}.Release|Any CPU.ActiveCfg = Release|Any CPU
		{419C7697-EAF2-4ED9-A5B5-CD37045A30C8}.Release|Any CPU.Build.0 = Release|Any CPU
		{DACB19D8-E97C-4586-B209-138FA469D5DB}.Debug|Any CPU.ActiveCfg = Debug|Any CPU
		{DACB19D8-E97C-4586-B209-138FA469D5DB}.Debug|Any CPU.Build.0 = Debug|Any CPU
		{DACB19D8-E97C-4586-B209-138FA469D5DB}.Release|Any CPU.ActiveCfg = Release|Any CPU
		{DACB19D8-E97C-4586-B209-138FA469D5DB}.Release|Any CPU.Build.0 = Release|Any CPU
		{32D29D31-8009-4262-8991-6A82C8E6B225}.Debug|Any CPU.ActiveCfg = Debug|Any CPU
		{32D29D31-8009-4262-8991-6A82C8E6B225}.Debug|Any CPU.Build.0 = Debug|Any CPU
		{32D29D31-8009-4262-8991-6A82C8E6B225}.Release|Any CPU.ActiveCfg = Release|Any CPU
		{32D29D31-8009-4262-8991-6A82C8E6B225}.Release|Any CPU.Build.0 = Release|Any CPU
		{02D69F67-E108-476E-B4E3-93DADC6562D2}.Debug|Any CPU.ActiveCfg = Debug|Any CPU
		{02D69F67-E108-476E-B4E3-93DADC6562D2}.Debug|Any CPU.Build.0 = Debug|Any CPU
		{02D69F67-E108-476E-B4E3-93DADC6562D2}.Release|Any CPU.ActiveCfg = Release|Any CPU
		{02D69F67-E108-476E-B4E3-93DADC6562D2}.Release|Any CPU.Build.0 = Release|Any CPU
	EndGlobalSection
	GlobalSection(SolutionProperties) = preSolution
		HideSolutionNode = FALSE
	EndGlobalSection
	GlobalSection(ExtensibilityGlobals) = postSolution
		SolutionGuid = {18C4B0E3-DBD8-4C9E-973F-9B15B30F5DE1}
	EndGlobalSection
EndGlobal
